
Microsoft Visual Studio Solution File, Format Version 12.00
# Visual Studio Version 17
VisualStudioVersion = 17.8.34316.72
MinimumVisualStudioVersion = 10.0.40219.1
Project("{FAE04EC0-301F-11D3-BF4B-00C04F79EFBC}") = "ApiPrpject1", "ApiPrpject1\ApiPrpject1.csproj", "{DF958A2E-3A09-4BB6-9110-0870ADED0E4A}"
EndProject
Global
	GlobalSection(SolutionConfigurationPlatforms) = preSolution
		Debug|Any CPU = Debug|Any CPU
		Release|Any CPU = Release|Any CPU
	EndGlobalSection
	GlobalSection(ProjectConfigurationPlatforms) = postSolution
		{DF958A2E-3A09-4BB6-9110-0870ADED0E4A}.Debug|Any CPU.ActiveCfg = Debug|Any CPU
		{DF958A2E-3A09-4BB6-9110-0870ADED0E4A}.Debug|Any CPU.Build.0 = Debug|Any CPU
		{DF958A2E-3A09-4BB6-9110-0870ADED0E4A}.Release|Any CPU.ActiveCfg = Release|Any CPU
		{DF958A2E-3A09-4BB6-9110-0870ADED0E4A}.Release|Any CPU.Build.0 = Release|Any CPU
	EndGlobalSection
	GlobalSection(SolutionProperties) = preSolution
		HideSolutionNode = FALSE
	EndGlobalSection
	GlobalSection(ExtensibilityGlobals) = postSolution
		SolutionGuid = {D5D17886-622B-4A40-A8CE-9B69E9DB47A8}
	EndGlobalSection
EndGlobal
